
Microsoft Visual Studio Solution File, Format Version 12.00
# Visual Studio Version 17
VisualStudioVersion = 17.11.35312.102
MinimumVisualStudioVersion = 10.0.40219.1
Project("{FAE04EC0-301F-11D3-BF4B-00C04F79EFBC}") = "Json Parser", "Json Parser.csproj", "{4C64E2F7-649B-4755-BF3D-677B9ABBB6FA}"
EndProject
Global
	GlobalSection(SolutionConfigurationPlatforms) = preSolution
		Debug|Any CPU = Debug|Any CPU
		Release|Any CPU = Release|Any CPU
	EndGlobalSection
	GlobalSection(ProjectConfigurationPlatforms) = postSolution
		{4C64E2F7-649B-4755-BF3D-677B9ABBB6FA}.Debug|Any CPU.ActiveCfg = Debug|Any CPU
		{4C64E2F7-649B-4755-BF3D-677B9ABBB6FA}.Debug|Any CPU.Build.0 = Debug|Any CPU
		{4C64E2F7-649B-4755-BF3D-677B9ABBB6FA}.Release|Any CPU.ActiveCfg = Release|Any CPU
		{4C64E2F7-649B-4755-BF3D-677B9ABBB6FA}.Release|Any CPU.Build.0 = Release|Any CPU
	EndGlobalSection
	GlobalSection(SolutionProperties) = preSolution
		HideSolutionNode = FALSE
	EndGlobalSection
	GlobalSection(ExtensibilityGlobals) = postSolution
		SolutionGuid = {AE3E444A-114B-40FA-9F42-D4561FE1DC9C}
	EndGlobalSection
EndGlobal
